
Microsoft Visual Studio Solution File, Format Version 12.00
# Visual Studio Version 17
VisualStudioVersion = 17.3.32929.385
MinimumVisualStudioVersion = 10.0.40219.1
Project("{FAE04EC0-301F-11D3-BF4B-00C04F79EFBC}") = "Presentacion", "Presentacion\Presentacion.csproj", "{FF339FE5-7863-448D-BA0E-BB2EF2596C7A}"
EndProject
Project("{FAE04EC0-301F-11D3-BF4B-00C04F79EFBC}") = "Datos", "Datos\Datos.csproj", "{AE9E76DA-9FC4-491B-A9D2-AE4081142CD5}"
EndProject
Project("{FAE04EC0-301F-11D3-BF4B-00C04F79EFBC}") = "Entidad", "Entidad\Entidad.csproj", "{AE3BEB26-9E81-4BAF-851B-699194BDEB3B}"
EndProject
Project("{FAE04EC0-301F-11D3-BF4B-00C04F79EFBC}") = "Logica", "Logica\Logica.csproj", "{C4416C23-5D2D-44E0-90CB-6A6E9AC301F1}"
EndProject
Project("{FAE04EC0-301F-11D3-BF4B-00C04F79EFBC}") = "Seguridad", "Seguridad\Seguridad.csproj", "{5A8C9194-C764-4B1D-9ABD-50294B099B89}"
EndProject
Project("{2150E333-8FDC-42A3-9474-1A3956D46DE8}") = "Documentacion", "Documentacion", "{7DF38664-74A7-4124-8A80-61B5B2119804}"
	ProjectSection(SolutionItems) = preProject
		Documentacion\annotated.html = Documentacion\annotated.html
		Documentacion\annotated_dup.js = Documentacion\annotated_dup.js
		Documentacion\bc_s.png = Documentacion\bc_s.png
		Documentacion\bc_sd.png = Documentacion\bc_sd.png
		Documentacion\bdwn.png = Documentacion\bdwn.png
		Documentacion\classes.html = Documentacion\classes.html
		Documentacion\class_datos_1_1_conexion-members.html = Documentacion\class_datos_1_1_conexion-members.html
		Documentacion\class_datos_1_1_conexion.html = Documentacion\class_datos_1_1_conexion.html
		Documentacion\class_datos_1_1_conexion.js = Documentacion\class_datos_1_1_conexion.js
		Documentacion\class_datos_1_1_conexion_maestra-members.html = Documentacion\class_datos_1_1_conexion_maestra-members.html
		Documentacion\class_datos_1_1_conexion_maestra.html = Documentacion\class_datos_1_1_conexion_maestra.html
		Documentacion\class_datos_1_1_conexion_maestra.js = Documentacion\class_datos_1_1_conexion_maestra.js
		Documentacion\class_datos_1_1_conexion_manual-members.html = Documentacion\class_datos_1_1_conexion_manual-members.html
		Documentacion\class_datos_1_1_conexion_manual.html = Documentacion\class_datos_1_1_conexion_manual.html
		Documentacion\class_datos_1_1_conexion_manual.js = Documentacion\class_datos_1_1_conexion_manual.js
		Documentacion\class_datos_1_1_conexion_manual.png = Documentacion\class_datos_1_1_conexion_manual.png
		Documentacion\class_datos_1_1_datos_1_1_registros_1_1_datos_categoria-members.html = Documentacion\class_datos_1_1_datos_1_1_registros_1_1_datos_categoria-members.html
		Documentacion\class_datos_1_1_datos_1_1_registros_1_1_datos_categoria.html = Documentacion\class_datos_1_1_datos_1_1_registros_1_1_datos_categoria.html
		Documentacion\class_datos_1_1_datos_1_1_registros_1_1_datos_categoria.js = Documentacion\class_datos_1_1_datos_1_1_registros_1_1_datos_categoria.js
		Documentacion\class_datos_1_1_datos_1_1_registros_1_1_datos_compra-members.html = Documentacion\class_datos_1_1_datos_1_1_registros_1_1_datos_compra-members.html
		Documentacion\class_datos_1_1_datos_1_1_registros_1_1_datos_compra.html = Documentacion\class_datos_1_1_datos_1_1_registros_1_1_datos_compra.html
		Documentacion\class_datos_1_1_datos_1_1_registros_1_1_datos_compra.js = Documentacion\class_datos_1_1_datos_1_1_registros_1_1_datos_compra.js
		Documentacion\class_datos_1_1_datos_1_1_registros_1_1_datos_permisos-members.html = Documentacion\class_datos_1_1_datos_1_1_registros_1_1_datos_permisos-members.html
		Documentacion\class_datos_1_1_datos_1_1_registros_1_1_datos_permisos.html = Documentacion\class_datos_1_1_datos_1_1_registros_1_1_datos_permisos.html
		Documentacion\class_datos_1_1_datos_1_1_registros_1_1_datos_permisos.js = Documentacion\class_datos_1_1_datos_1_1_registros_1_1_datos_permisos.js
		Documentacion\class_datos_1_1_datos_1_1_registros_1_1_datos_producto-members.html = Documentacion\class_datos_1_1_datos_1_1_registros_1_1_datos_producto-members.html
		Documentacion\class_datos_1_1_datos_1_1_registros_1_1_datos_producto.html = Documentacion\class_datos_1_1_datos_1_1_registros_1_1_datos_producto.html
		Documentacion\class_datos_1_1_datos_1_1_registros_1_1_datos_producto.js = Documentacion\class_datos_1_1_datos_1_1_registros_1_1_datos_producto.js
		Documentacion\class_datos_1_1_datos_1_1_registros_1_1_datos_rol-members.html = Documentacion\class_datos_1_1_datos_1_1_registros_1_1_datos_rol-members.html
		Documentacion\class_datos_1_1_datos_1_1_registros_1_1_datos_rol.html = Documentacion\class_datos_1_1_datos_1_1_registros_1_1_datos_rol.html
		Documentacion\class_datos_1_1_datos_1_1_registros_1_1_datos_rol.js = Documentacion\class_datos_1_1_datos_1_1_registros_1_1_datos_rol.js
		Documentacion\class_datos_1_1_datos_1_1_registros_1_1_datos_venta-members.html = Documentacion\class_datos_1_1_datos_1_1_registros_1_1_datos_venta-members.html
		Documentacion\class_datos_1_1_datos_1_1_registros_1_1_datos_venta.html = Documentacion\class_datos_1_1_datos_1_1_registros_1_1_datos_venta.html
		Documentacion\class_datos_1_1_datos_1_1_registros_1_1_datos_venta.js = Documentacion\class_datos_1_1_datos_1_1_registros_1_1_datos_venta.js
		Documentacion\class_datos_1_1_datos_1_1_roles_1_1_datos_cliente-members.html = Documentacion\class_datos_1_1_datos_1_1_roles_1_1_datos_cliente-members.html
		Documentacion\class_datos_1_1_datos_1_1_roles_1_1_datos_cliente.html = Documentacion\class_datos_1_1_datos_1_1_roles_1_1_datos_cliente.html
		Documentacion\class_datos_1_1_datos_1_1_roles_1_1_datos_cliente.js = Documentacion\class_datos_1_1_datos_1_1_roles_1_1_datos_cliente.js
		Documentacion\class_datos_1_1_datos_1_1_roles_1_1_datos_proveedor-members.html = Documentacion\class_datos_1_1_datos_1_1_roles_1_1_datos_proveedor-members.html
		Documentacion\class_datos_1_1_datos_1_1_roles_1_1_datos_proveedor.html = Documentacion\class_datos_1_1_datos_1_1_roles_1_1_datos_proveedor.html
		Documentacion\class_datos_1_1_datos_1_1_roles_1_1_datos_proveedor.js = Documentacion\class_datos_1_1_datos_1_1_roles_1_1_datos_proveedor.js
		Documentacion\class_datos_1_1_datos_1_1_roles_1_1_datos_usuario-members.html = Documentacion\class_datos_1_1_datos_1_1_roles_1_1_datos_usuario-members.html
		Documentacion\class_datos_1_1_datos_1_1_roles_1_1_datos_usuario.html = Documentacion\class_datos_1_1_datos_1_1_roles_1_1_datos_usuario.html
		Documentacion\class_datos_1_1_datos_1_1_roles_1_1_datos_usuario.js = Documentacion\class_datos_1_1_datos_1_1_roles_1_1_datos_usuario.js
		Documentacion\class_entidad_1_1_registros_1_1_categoria-members.html = Documentacion\class_entidad_1_1_registros_1_1_categoria-members.html
		Documentacion\class_entidad_1_1_registros_1_1_categoria.html = Documentacion\class_entidad_1_1_registros_1_1_categoria.html
		Documentacion\class_entidad_1_1_registros_1_1_categoria.js = Documentacion\class_entidad_1_1_registros_1_1_categoria.js
		Documentacion\class_entidad_1_1_registros_1_1_compra-members.html = Documentacion\class_entidad_1_1_registros_1_1_compra-members.html
		Documentacion\class_entidad_1_1_registros_1_1_compra.html = Documentacion\class_entidad_1_1_registros_1_1_compra.html
		Documentacion\class_entidad_1_1_registros_1_1_compra.js = Documentacion\class_entidad_1_1_registros_1_1_compra.js
		Documentacion\class_entidad_1_1_registros_1_1_detalle_compra-members.html = Documentacion\class_entidad_1_1_registros_1_1_detalle_compra-members.html
		Documentacion\class_entidad_1_1_registros_1_1_detalle_compra.html = Documentacion\class_entidad_1_1_registros_1_1_detalle_compra.html
		Documentacion\class_entidad_1_1_registros_1_1_detalle_compra.js = Documentacion\class_entidad_1_1_registros_1_1_detalle_compra.js
		Documentacion\class_entidad_1_1_registros_1_1_detalle_venta-members.html = Documentacion\class_entidad_1_1_registros_1_1_detalle_venta-members.html
		Documentacion\class_entidad_1_1_registros_1_1_detalle_venta.html = Documentacion\class_entidad_1_1_registros_1_1_detalle_venta.html
		Documentacion\class_entidad_1_1_registros_1_1_detalle_venta.js = Documentacion\class_entidad_1_1_registros_1_1_detalle_venta.js
		Documentacion\class_entidad_1_1_registros_1_1_producto-members.html = Documentacion\class_entidad_1_1_registros_1_1_producto-members.html
		Documentacion\class_entidad_1_1_registros_1_1_producto.html = Documentacion\class_entidad_1_1_registros_1_1_producto.html
		Documentacion\class_entidad_1_1_registros_1_1_producto.js = Documentacion\class_entidad_1_1_registros_1_1_producto.js
		Documentacion\class_entidad_1_1_registros_1_1_venta-members.html = Documentacion\class_entidad_1_1_registros_1_1_venta-members.html
		Documentacion\class_entidad_1_1_registros_1_1_venta.html = Documentacion\class_entidad_1_1_registros_1_1_venta.html
		Documentacion\class_entidad_1_1_registros_1_1_venta.js = Documentacion\class_entidad_1_1_registros_1_1_venta.js
		Documentacion\class_entidad_1_1_roles_1_1_cliente-members.html = Documentacion\class_entidad_1_1_roles_1_1_cliente-members.html
		Documentacion\class_entidad_1_1_roles_1_1_cliente.html = Documentacion\class_entidad_1_1_roles_1_1_cliente.html
		Documentacion\class_entidad_1_1_roles_1_1_cliente.js = Documentacion\class_entidad_1_1_roles_1_1_cliente.js
		Documentacion\class_entidad_1_1_roles_1_1_permiso-members.html = Documentacion\class_entidad_1_1_roles_1_1_permiso-members.html
		Documentacion\class_entidad_1_1_roles_1_1_permiso.html = Documentacion\class_entidad_1_1_roles_1_1_permiso.html
		Documentacion\class_entidad_1_1_roles_1_1_permiso.js = Documentacion\class_entidad_1_1_roles_1_1_permiso.js
		Documentacion\class_entidad_1_1_roles_1_1_proveedor-members.html = Documentacion\class_entidad_1_1_roles_1_1_proveedor-members.html
		Documentacion\class_entidad_1_1_roles_1_1_proveedor.html = Documentacion\class_entidad_1_1_roles_1_1_proveedor.html
		Documentacion\class_entidad_1_1_roles_1_1_proveedor.js = Documentacion\class_entidad_1_1_roles_1_1_proveedor.js
		Documentacion\class_entidad_1_1_roles_1_1_rol-members.html = Documentacion\class_entidad_1_1_roles_1_1_rol-members.html
		Documentacion\class_entidad_1_1_roles_1_1_rol.html = Documentacion\class_entidad_1_1_roles_1_1_rol.html
		Documentacion\class_entidad_1_1_roles_1_1_rol.js = Documentacion\class_entidad_1_1_roles_1_1_rol.js
		Documentacion\class_entidad_1_1_roles_1_1_usuario-members.html = Documentacion\class_entidad_1_1_roles_1_1_usuario-members.html
		Documentacion\class_entidad_1_1_roles_1_1_usuario.html = Documentacion\class_entidad_1_1_roles_1_1_usuario.html
		Documentacion\class_entidad_1_1_roles_1_1_usuario.js = Documentacion\class_entidad_1_1_roles_1_1_usuario.js
		Documentacion\class_logica_1_1_logica_1_1_registros_1_1_logica_categoria-members.html = Documentacion\class_logica_1_1_logica_1_1_registros_1_1_logica_categoria-members.html
		Documentacion\class_logica_1_1_logica_1_1_registros_1_1_logica_categoria.html = Documentacion\class_logica_1_1_logica_1_1_registros_1_1_logica_categoria.html
		Documentacion\class_logica_1_1_logica_1_1_registros_1_1_logica_categoria.js = Documentacion\class_logica_1_1_logica_1_1_registros_1_1_logica_categoria.js
		Documentacion\class_logica_1_1_logica_1_1_registros_1_1_logica_compra-members.html = Documentacion\class_logica_1_1_logica_1_1_registros_1_1_logica_compra-members.html
		Documentacion\class_logica_1_1_logica_1_1_registros_1_1_logica_compra.html = Documentacion\class_logica_1_1_logica_1_1_registros_1_1_logica_compra.html
		Documentacion\class_logica_1_1_logica_1_1_registros_1_1_logica_compra.js = Documentacion\class_logica_1_1_logica_1_1_registros_1_1_logica_compra.js
		Documentacion\class_logica_1_1_logica_1_1_registros_1_1_logica_permiso-members.html = Documentacion\class_logica_1_1_logica_1_1_registros_1_1_logica_permiso-members.html
		Documentacion\class_logica_1_1_logica_1_1_registros_1_1_logica_permiso.html = Documentacion\class_logica_1_1_logica_1_1_registros_1_1_logica_permiso.html
		Documentacion\class_logica_1_1_logica_1_1_registros_1_1_logica_permiso.js = Documentacion\class_logica_1_1_logica_1_1_registros_1_1_logica_permiso.js
		Documentacion\class_logica_1_1_logica_1_1_registros_1_1_logica_producto-members.html = Documentacion\class_logica_1_1_logica_1_1_registros_1_1_logica_producto-members.html
		Documentacion\class_logica_1_1_logica_1_1_registros_1_1_logica_producto.html = Documentacion\class_logica_1_1_logica_1_1_registros_1_1_logica_producto.html
		Documentacion\class_logica_1_1_logica_1_1_registros_1_1_logica_producto.js = Documentacion\class_logica_1_1_logica_1_1_registros_1_1_logica_producto.js
		Documentacion\class_logica_1_1_logica_1_1_registros_1_1_logica_venta-members.html = Documentacion\class_logica_1_1_logica_1_1_registros_1_1_logica_venta-members.html
		Documentacion\class_logica_1_1_logica_1_1_registros_1_1_logica_venta.html = Documentacion\class_logica_1_1_logica_1_1_registros_1_1_logica_venta.html
		Documentacion\class_logica_1_1_logica_1_1_registros_1_1_logica_venta.js = Documentacion\class_logica_1_1_logica_1_1_registros_1_1_logica_venta.js
		Documentacion\class_logica_1_1_logica_1_1_roles_1_1_logica_cliente-members.html = Documentacion\class_logica_1_1_logica_1_1_roles_1_1_logica_cliente-members.html
		Documentacion\class_logica_1_1_logica_1_1_roles_1_1_logica_cliente.html = Documentacion\class_logica_1_1_logica_1_1_roles_1_1_logica_cliente.html
		Documentacion\class_logica_1_1_logica_1_1_roles_1_1_logica_cliente.js = Documentacion\class_logica_1_1_logica_1_1_roles_1_1_logica_cliente.js
		Documentacion\class_logica_1_1_logica_1_1_roles_1_1_logica_proveedor-members.html = Documentacion\class_logica_1_1_logica_1_1_roles_1_1_logica_proveedor-members.html
		Documentacion\class_logica_1_1_logica_1_1_roles_1_1_logica_proveedor.html = Documentacion\class_logica_1_1_logica_1_1_roles_1_1_logica_proveedor.html
		Documentacion\class_logica_1_1_logica_1_1_roles_1_1_logica_proveedor.js = Documentacion\class_logica_1_1_logica_1_1_roles_1_1_logica_proveedor.js
		Documentacion\class_logica_1_1_logica_1_1_roles_1_1_logica_rol-members.html = Documentacion\class_logica_1_1_logica_1_1_roles_1_1_logica_rol-members.html
		Documentacion\class_logica_1_1_logica_1_1_roles_1_1_logica_rol.html = Documentacion\class_logica_1_1_logica_1_1_roles_1_1_logica_rol.html
		Documentacion\class_logica_1_1_logica_1_1_roles_1_1_logica_rol.js = Documentacion\class_logica_1_1_logica_1_1_roles_1_1_logica_rol.js
		Documentacion\class_logica_1_1_logica_1_1_roles_1_1_logica_usuario-members.html = Documentacion\class_logica_1_1_logica_1_1_roles_1_1_logica_usuario-members.html
		Documentacion\class_logica_1_1_logica_1_1_roles_1_1_logica_usuario.html = Documentacion\class_logica_1_1_logica_1_1_roles_1_1_logica_usuario.html
		Documentacion\class_logica_1_1_logica_1_1_roles_1_1_logica_usuario.js = Documentacion\class_logica_1_1_logica_1_1_roles_1_1_logica_usuario.js
		Documentacion\class_presentacion_1_1_paneles_1_1_panel_acerca_de-members.html = Documentacion\class_presentacion_1_1_paneles_1_1_panel_acerca_de-members.html
		Documentacion\class_presentacion_1_1_paneles_1_1_panel_acerca_de.html = Documentacion\class_presentacion_1_1_paneles_1_1_panel_acerca_de.html
		Documentacion\class_presentacion_1_1_paneles_1_1_panel_acerca_de.js = Documentacion\class_presentacion_1_1_paneles_1_1_panel_acerca_de.js
		Documentacion\class_presentacion_1_1_paneles_1_1_panel_acerca_de.png = Documentacion\class_presentacion_1_1_paneles_1_1_panel_acerca_de.png
		Documentacion\class_presentacion_1_1_paneles_1_1_panel_categoria-members.html = Documentacion\class_presentacion_1_1_paneles_1_1_panel_categoria-members.html
		Documentacion\class_presentacion_1_1_paneles_1_1_panel_categoria.html = Documentacion\class_presentacion_1_1_paneles_1_1_panel_categoria.html
		Documentacion\class_presentacion_1_1_paneles_1_1_panel_categoria.js = Documentacion\class_presentacion_1_1_paneles_1_1_panel_categoria.js
		Documentacion\class_presentacion_1_1_paneles_1_1_panel_categoria.png = Documentacion\class_presentacion_1_1_paneles_1_1_panel_categoria.png
		Documentacion\class_presentacion_1_1_paneles_1_1_panel_cliente-members.html = Documentacion\class_presentacion_1_1_paneles_1_1_panel_cliente-members.html
		Documentacion\class_presentacion_1_1_paneles_1_1_panel_cliente.html = Documentacion\class_presentacion_1_1_paneles_1_1_panel_cliente.html
		Documentacion\class_presentacion_1_1_paneles_1_1_panel_cliente.js = Documentacion\class_presentacion_1_1_paneles_1_1_panel_cliente.js
		Documentacion\class_presentacion_1_1_paneles_1_1_panel_cliente.png = Documentacion\class_presentacion_1_1_paneles_1_1_panel_cliente.png
		Documentacion\class_presentacion_1_1_paneles_1_1_panel_compra-members.html = Documentacion\class_presentacion_1_1_paneles_1_1_panel_compra-members.html
		Documentacion\class_presentacion_1_1_paneles_1_1_panel_compra.html = Documentacion\class_presentacion_1_1_paneles_1_1_panel_compra.html
		Documentacion\class_presentacion_1_1_paneles_1_1_panel_compra.js = Documentacion\class_presentacion_1_1_paneles_1_1_panel_compra.js
		Documentacion\class_presentacion_1_1_paneles_1_1_panel_compra.png = Documentacion\class_presentacion_1_1_paneles_1_1_panel_compra.png
		Documentacion\class_presentacion_1_1_paneles_1_1_panel_configuracion-members.html = Documentacion\class_presentacion_1_1_paneles_1_1_panel_configuracion-members.html
		Documentacion\class_presentacion_1_1_paneles_1_1_panel_configuracion.html = Documentacion\class_presentacion_1_1_paneles_1_1_panel_configuracion.html
		Documentacion\class_presentacion_1_1_paneles_1_1_panel_configuracion.js = Documentacion\class_presentacion_1_1_paneles_1_1_panel_configuracion.js
		Documentacion\class_presentacion_1_1_paneles_1_1_panel_configuracion.png = Documentacion\class_presentacion_1_1_paneles_1_1_panel_configuracion.png
		Documentacion\class_presentacion_1_1_paneles_1_1_panel_mantenimiento-members.html = Documentacion\class_presentacion_1_1_paneles_1_1_panel_mantenimiento-members.html
		Documentacion\class_presentacion_1_1_paneles_1_1_panel_mantenimiento.html = Documentacion\class_presentacion_1_1_paneles_1_1_panel_mantenimiento.html
		Documentacion\class_presentacion_1_1_paneles_1_1_panel_mantenimiento.js = Documentacion\class_presentacion_1_1_paneles_1_1_panel_mantenimiento.js
		Documentacion\class_presentacion_1_1_paneles_1_1_panel_mantenimiento.png = Documentacion\class_presentacion_1_1_paneles_1_1_panel_mantenimiento.png
		Documentacion\class_presentacion_1_1_paneles_1_1_panel_producto-members.html = Documentacion\class_presentacion_1_1_paneles_1_1_panel_producto-members.html
		Documentacion\class_presentacion_1_1_paneles_1_1_panel_producto.html = Documentacion\class_presentacion_1_1_paneles_1_1_panel_producto.html
		Documentacion\class_presentacion_1_1_paneles_1_1_panel_producto.js = Documentacion\class_presentacion_1_1_paneles_1_1_panel_producto.js
		Documentacion\class_presentacion_1_1_paneles_1_1_panel_producto.png = Documentacion\class_presentacion_1_1_paneles_1_1_panel_producto.png
		Documentacion\class_presentacion_1_1_paneles_1_1_panel_proveedor-members.html = Documentacion\class_presentacion_1_1_paneles_1_1_panel_proveedor-members.html
		Documentacion\class_presentacion_1_1_paneles_1_1_panel_proveedor.html = Documentacion\class_presentacion_1_1_paneles_1_1_panel_proveedor.html
		Documentacion\class_presentacion_1_1_paneles_1_1_panel_proveedor.js = Documentacion\class_presentacion_1_1_paneles_1_1_panel_proveedor.js
		Documentacion\class_presentacion_1_1_paneles_1_1_panel_proveedor.png = Documentacion\class_presentacion_1_1_paneles_1_1_panel_proveedor.png
		Documentacion\class_presentacion_1_1_paneles_1_1_panel_registros-members.html = Documentacion\class_presentacion_1_1_paneles_1_1_panel_registros-members.html
		Documentacion\class_presentacion_1_1_paneles_1_1_panel_registros.html = Documentacion\class_presentacion_1_1_paneles_1_1_panel_registros.html
		Documentacion\class_presentacion_1_1_paneles_1_1_panel_registros.js = Documentacion\class_presentacion_1_1_paneles_1_1_panel_registros.js
		Documentacion\class_presentacion_1_1_paneles_1_1_panel_registros.png = Documentacion\class_presentacion_1_1_paneles_1_1_panel_registros.png
		Documentacion\class_presentacion_1_1_paneles_1_1_panel_reporte-members.html = Documentacion\class_presentacion_1_1_paneles_1_1_panel_reporte-members.html
		Documentacion\class_presentacion_1_1_paneles_1_1_panel_reporte.html = Documentacion\class_presentacion_1_1_paneles_1_1_panel_reporte.html
		Documentacion\class_presentacion_1_1_paneles_1_1_panel_reporte.js = Documentacion\class_presentacion_1_1_paneles_1_1_panel_reporte.js
		Documentacion\class_presentacion_1_1_paneles_1_1_panel_reporte.png = Documentacion\class_presentacion_1_1_paneles_1_1_panel_reporte.png
		Documentacion\class_presentacion_1_1_paneles_1_1_panel_usuario-members.html = Documentacion\class_presentacion_1_1_paneles_1_1_panel_usuario-members.html
		Documentacion\class_presentacion_1_1_paneles_1_1_panel_usuario.html = Documentacion\class_presentacion_1_1_paneles_1_1_panel_usuario.html
		Documentacion\class_presentacion_1_1_paneles_1_1_panel_usuario.js = Documentacion\class_presentacion_1_1_paneles_1_1_panel_usuario.js
		Documentacion\class_presentacion_1_1_paneles_1_1_panel_usuario.png = Documentacion\class_presentacion_1_1_paneles_1_1_panel_usuario.png
		Documentacion\class_presentacion_1_1_paneles_1_1_panel_venta-members.html = Documentacion\class_presentacion_1_1_paneles_1_1_panel_venta-members.html
		Documentacion\class_presentacion_1_1_paneles_1_1_panel_venta.html = Documentacion\class_presentacion_1_1_paneles_1_1_panel_venta.html
		Documentacion\class_presentacion_1_1_paneles_1_1_panel_venta.js = Documentacion\class_presentacion_1_1_paneles_1_1_panel_venta.js
		Documentacion\class_presentacion_1_1_paneles_1_1_panel_venta.png = Documentacion\class_presentacion_1_1_paneles_1_1_panel_venta.png
		Documentacion\class_presentacion_1_1_recursos_1_1_opcion_combo-members.html = Documentacion\class_presentacion_1_1_recursos_1_1_opcion_combo-members.html
		Documentacion\class_presentacion_1_1_recursos_1_1_opcion_combo.html = Documentacion\class_presentacion_1_1_recursos_1_1_opcion_combo.html
		Documentacion\class_presentacion_1_1_recursos_1_1_opcion_combo.js = Documentacion\class_presentacion_1_1_recursos_1_1_opcion_combo.js
		Documentacion\class_presentacion_1_1_recursos_1_1_r_j_combo_box-members.html = Documentacion\class_presentacion_1_1_recursos_1_1_r_j_combo_box-members.html
		Documentacion\class_presentacion_1_1_recursos_1_1_r_j_combo_box.html = Documentacion\class_presentacion_1_1_recursos_1_1_r_j_combo_box.html
		Documentacion\class_presentacion_1_1_recursos_1_1_r_j_combo_box.png = Documentacion\class_presentacion_1_1_recursos_1_1_r_j_combo_box.png
		Documentacion\class_presentacion_1_1_recursos_1_1_vent_cliente-members.html = Documentacion\class_presentacion_1_1_recursos_1_1_vent_cliente-members.html
		Documentacion\class_presentacion_1_1_recursos_1_1_vent_cliente.html = Documentacion\class_presentacion_1_1_recursos_1_1_vent_cliente.html
		Documentacion\class_presentacion_1_1_recursos_1_1_vent_cliente.js = Documentacion\class_presentacion_1_1_recursos_1_1_vent_cliente.js
		Documentacion\class_presentacion_1_1_recursos_1_1_vent_cliente.png = Documentacion\class_presentacion_1_1_recursos_1_1_vent_cliente.png
		Documentacion\class_presentacion_1_1_recursos_1_1_vent_compras-members.html = Documentacion\class_presentacion_1_1_recursos_1_1_vent_compras-members.html
		Documentacion\class_presentacion_1_1_recursos_1_1_vent_compras.html = Documentacion\class_presentacion_1_1_recursos_1_1_vent_compras.html
		Documentacion\class_presentacion_1_1_recursos_1_1_vent_compras.js = Documentacion\class_presentacion_1_1_recursos_1_1_vent_compras.js
		Documentacion\class_presentacion_1_1_recursos_1_1_vent_compras.png = Documentacion\class_presentacion_1_1_recursos_1_1_vent_compras.png
		Documentacion\class_presentacion_1_1_recursos_1_1_vent_producto-members.html = Documentacion\class_presentacion_1_1_recursos_1_1_vent_producto-members.html
		Documentacion\class_presentacion_1_1_recursos_1_1_vent_producto.html = Documentacion\class_presentacion_1_1_recursos_1_1_vent_producto.html
		Documentacion\class_presentacion_1_1_recursos_1_1_vent_producto.js = Documentacion\class_presentacion_1_1_recursos_1_1_vent_producto.js
		Documentacion\class_presentacion_1_1_recursos_1_1_vent_producto.png = Documentacion\class_presentacion_1_1_recursos_1_1_vent_producto.png
		Documentacion\class_presentacion_1_1_recursos_1_1_vent_proveedor-members.html = Documentacion\class_presentacion_1_1_recursos_1_1_vent_proveedor-members.html
		Documentacion\class_presentacion_1_1_recursos_1_1_vent_proveedor.html = Documentacion\class_presentacion_1_1_recursos_1_1_vent_proveedor.html
		Documentacion\class_presentacion_1_1_recursos_1_1_vent_proveedor.js = Documentacion\class_presentacion_1_1_recursos_1_1_vent_proveedor.js
		Documentacion\class_presentacion_1_1_recursos_1_1_vent_proveedor.png = Documentacion\class_presentacion_1_1_recursos_1_1_vent_proveedor.png
		Documentacion\class_presentacion_1_1_recursos_1_1_vent_registros-members.html = Documentacion\class_presentacion_1_1_recursos_1_1_vent_registros-members.html
		Documentacion\class_presentacion_1_1_recursos_1_1_vent_registros.html = Documentacion\class_presentacion_1_1_recursos_1_1_vent_registros.html
		Documentacion\class_presentacion_1_1_recursos_1_1_vent_registros.js = Documentacion\class_presentacion_1_1_recursos_1_1_vent_registros.js
		Documentacion\class_presentacion_1_1_recursos_1_1_vent_registros.png = Documentacion\class_presentacion_1_1_recursos_1_1_vent_registros.png
		Documentacion\class_presentacion_1_1_recursos_1_1_vent_ventas-members.html = Documentacion\class_presentacion_1_1_recursos_1_1_vent_ventas-members.html
		Documentacion\class_presentacion_1_1_recursos_1_1_vent_ventas.html = Documentacion\class_presentacion_1_1_recursos_1_1_vent_ventas.html
		Documentacion\class_presentacion_1_1_recursos_1_1_vent_ventas.js = Documentacion\class_presentacion_1_1_recursos_1_1_vent_ventas.js
		Documentacion\class_presentacion_1_1_recursos_1_1_vent_ventas.png = Documentacion\class_presentacion_1_1_recursos_1_1_vent_ventas.png
		Documentacion\class_presentacion_1_1_ventanas_1_1_carga-members.html = Documentacion\class_presentacion_1_1_ventanas_1_1_carga-members.html
		Documentacion\class_presentacion_1_1_ventanas_1_1_carga.html = Documentacion\class_presentacion_1_1_ventanas_1_1_carga.html
		Documentacion\class_presentacion_1_1_ventanas_1_1_carga.js = Documentacion\class_presentacion_1_1_ventanas_1_1_carga.js
		Documentacion\class_presentacion_1_1_ventanas_1_1_carga.png = Documentacion\class_presentacion_1_1_ventanas_1_1_carga.png
		Documentacion\class_presentacion_1_1_ventanas_1_1_dashboard-members.html = Documentacion\class_presentacion_1_1_ventanas_1_1_dashboard-members.html
		Documentacion\class_presentacion_1_1_ventanas_1_1_dashboard.html = Documentacion\class_presentacion_1_1_ventanas_1_1_dashboard.html
		Documentacion\class_presentacion_1_1_ventanas_1_1_dashboard.js = Documentacion\class_presentacion_1_1_ventanas_1_1_dashboard.js
		Documentacion\class_presentacion_1_1_ventanas_1_1_dashboard.png = Documentacion\class_presentacion_1_1_ventanas_1_1_dashboard.png
		Documentacion\class_presentacion_1_1_ventanas_1_1_inicio-members.html = Documentacion\class_presentacion_1_1_ventanas_1_1_inicio-members.html
		Documentacion\class_presentacion_1_1_ventanas_1_1_inicio.html = Documentacion\class_presentacion_1_1_ventanas_1_1_inicio.html
		Documentacion\class_presentacion_1_1_ventanas_1_1_inicio.js = Documentacion\class_presentacion_1_1_ventanas_1_1_inicio.js
		Documentacion\class_presentacion_1_1_ventanas_1_1_inicio.png = Documentacion\class_presentacion_1_1_ventanas_1_1_inicio.png
		Documentacion\class_presentacion_1_1_ventanas_1_1_login-members.html = Documentacion\class_presentacion_1_1_ventanas_1_1_login-members.html
		Documentacion\class_presentacion_1_1_ventanas_1_1_login.html = Documentacion\class_presentacion_1_1_ventanas_1_1_login.html
		Documentacion\class_presentacion_1_1_ventanas_1_1_login.js = Documentacion\class_presentacion_1_1_ventanas_1_1_login.js
		Documentacion\class_presentacion_1_1_ventanas_1_1_login.png = Documentacion\class_presentacion_1_1_ventanas_1_1_login.png
		Documentacion\class_seguridad_1_1_a_e_s-members.html = Documentacion\class_seguridad_1_1_a_e_s-members.html
		Documentacion\class_seguridad_1_1_a_e_s.html = Documentacion\class_seguridad_1_1_a_e_s.html
		Documentacion\class_seguridad_1_1_desencryptacion-members.html = Documentacion\class_seguridad_1_1_desencryptacion-members.html
		Documentacion\class_seguridad_1_1_desencryptacion.html = Documentacion\class_seguridad_1_1_desencryptacion.html
		Documentacion\closed.png = Documentacion\closed.png
		Documentacion\dir_03d17788161c8f0fa5aa1b2ae350933b.html = Documentacion\dir_03d17788161c8f0fa5aa1b2ae350933b.html
		Documentacion\dir_0ee7be3428ce1fe0a983b44efeb1fa25.html = Documentacion\dir_0ee7be3428ce1fe0a983b44efeb1fa25.html
		Documentacion\dir_0ee7be3428ce1fe0a983b44efeb1fa25.js = Documentacion\dir_0ee7be3428ce1fe0a983b44efeb1fa25.js
		Documentacion\dir_17dcef77b7ef4e3fbd52464e6156d6d0.html = Documentacion\dir_17dcef77b7ef4e3fbd52464e6156d6d0.html
		Documentacion\dir_17dcef77b7ef4e3fbd52464e6156d6d0.js = Documentacion\dir_17dcef77b7ef4e3fbd52464e6156d6d0.js
		Documentacion\dir_1b09653551caf69406e0153f6248873e.html = Documentacion\dir_1b09653551caf69406e0153f6248873e.html
		Documentacion\dir_1b09653551caf69406e0153f6248873e.js = Documentacion\dir_1b09653551caf69406e0153f6248873e.js
		Documentacion\dir_1e2b379d1bb9bceb8b09c39faee06c4b.html = Documentacion\dir_1e2b379d1bb9bceb8b09c39faee06c4b.html
		Documentacion\dir_1e2b379d1bb9bceb8b09c39faee06c4b.js = Documentacion\dir_1e2b379d1bb9bceb8b09c39faee06c4b.js
		Documentacion\dir_1e36d70819f48fdbc84a595fd0416b42.html = Documentacion\dir_1e36d70819f48fdbc84a595fd0416b42.html
		Documentacion\dir_1e36d70819f48fdbc84a595fd0416b42.js = Documentacion\dir_1e36d70819f48fdbc84a595fd0416b42.js
		Documentacion\dir_202e6156bdf619bbdd8ab80ef59d1e31.html = Documentacion\dir_202e6156bdf619bbdd8ab80ef59d1e31.html
		Documentacion\dir_202e6156bdf619bbdd8ab80ef59d1e31.js = Documentacion\dir_202e6156bdf619bbdd8ab80ef59d1e31.js
		Documentacion\dir_21766449e7e4fdcc8e45eacf0da71fe7.html = Documentacion\dir_21766449e7e4fdcc8e45eacf0da71fe7.html
		Documentacion\dir_21766449e7e4fdcc8e45eacf0da71fe7.js = Documentacion\dir_21766449e7e4fdcc8e45eacf0da71fe7.js
		Documentacion\dir_275715d819fbf477e080cdca677ee94f.html = Documentacion\dir_275715d819fbf477e080cdca677ee94f.html
		Documentacion\dir_275715d819fbf477e080cdca677ee94f.js = Documentacion\dir_275715d819fbf477e080cdca677ee94f.js
		Documentacion\dir_3968cc500c77df985b176f7f62ca837f.html = Documentacion\dir_3968cc500c77df985b176f7f62ca837f.html
		Documentacion\dir_3968cc500c77df985b176f7f62ca837f.js = Documentacion\dir_3968cc500c77df985b176f7f62ca837f.js
		Documentacion\dir_3b958e9d694596e151b95c5099bb185b.html = Documentacion\dir_3b958e9d694596e151b95c5099bb185b.html
		Documentacion\dir_3b958e9d694596e151b95c5099bb185b.js = Documentacion\dir_3b958e9d694596e151b95c5099bb185b.js
		Documentacion\dir_3e1bab2fbf25f0071b15c82ca3a378ce.html = Documentacion\dir_3e1bab2fbf25f0071b15c82ca3a378ce.html
		Documentacion\dir_3e1bab2fbf25f0071b15c82ca3a378ce.js = Documentacion\dir_3e1bab2fbf25f0071b15c82ca3a378ce.js
		Documentacion\dir_3f8e245858003ac0fd289c9bc6571354.html = Documentacion\dir_3f8e245858003ac0fd289c9bc6571354.html
		Documentacion\dir_41d085b9fac0b15fbdf8cf8dc7cfd993.html = Documentacion\dir_41d085b9fac0b15fbdf8cf8dc7cfd993.html
		Documentacion\dir_41d085b9fac0b15fbdf8cf8dc7cfd993.js = Documentacion\dir_41d085b9fac0b15fbdf8cf8dc7cfd993.js
		Documentacion\dir_4a9781de3c4f8d917450dfbe4ce52910.html = Documentacion\dir_4a9781de3c4f8d917450dfbe4ce52910.html
		Documentacion\dir_4a9781de3c4f8d917450dfbe4ce52910.js = Documentacion\dir_4a9781de3c4f8d917450dfbe4ce52910.js
		Documentacion\dir_4f752bea2733fd3f21dacaae11421a2e.html = Documentacion\dir_4f752bea2733fd3f21dacaae11421a2e.html
		Documentacion\dir_4f752bea2733fd3f21dacaae11421a2e.js = Documentacion\dir_4f752bea2733fd3f21dacaae11421a2e.js
		Documentacion\dir_5413496be1c3ee82b6a4d65157d9f9da.html = Documentacion\dir_5413496be1c3ee82b6a4d65157d9f9da.html
		Documentacion\dir_5413496be1c3ee82b6a4d65157d9f9da.js = Documentacion\dir_5413496be1c3ee82b6a4d65157d9f9da.js
		Documentacion\dir_586a96cf25072500919a41db2d706862.html = Documentacion\dir_586a96cf25072500919a41db2d706862.html
		Documentacion\dir_586a96cf25072500919a41db2d706862.js = Documentacion\dir_586a96cf25072500919a41db2d706862.js
		Documentacion\dir_5ca2a58aabd6eec76ffadc4b72e87b5f.html = Documentacion\dir_5ca2a58aabd6eec76ffadc4b72e87b5f.html
		Documentacion\dir_5ca2a58aabd6eec76ffadc4b72e87b5f.js = Documentacion\dir_5ca2a58aabd6eec76ffadc4b72e87b5f.js
		Documentacion\dir_680f84c08907100258bb246d14b71a92.html = Documentacion\dir_680f84c08907100258bb246d14b71a92.html
		Documentacion\dir_680f84c08907100258bb246d14b71a92.js = Documentacion\dir_680f84c08907100258bb246d14b71a92.js
		Documentacion\dir_75d3c6e175f87ef52aaf7f39ff5e4f2f.html = Documentacion\dir_75d3c6e175f87ef52aaf7f39ff5e4f2f.html
		Documentacion\dir_75d3c6e175f87ef52aaf7f39ff5e4f2f.js = Documentacion\dir_75d3c6e175f87ef52aaf7f39ff5e4f2f.js
		Documentacion\dir_88c038d2586a9bec33979dacb97be9f4.html = Documentacion\dir_88c038d2586a9bec33979dacb97be9f4.html
		Documentacion\dir_88c038d2586a9bec33979dacb97be9f4.js = Documentacion\dir_88c038d2586a9bec33979dacb97be9f4.js
		Documentacion\dir_94e63bfdf96749568f8bd3514fcc2260.html = Documentacion\dir_94e63bfdf96749568f8bd3514fcc2260.html
		Documentacion\dir_94e63bfdf96749568f8bd3514fcc2260.js = Documentacion\dir_94e63bfdf96749568f8bd3514fcc2260.js
		Documentacion\dir_9c5e7d6767d96e0707a1e3fd506334d5.html = Documentacion\dir_9c5e7d6767d96e0707a1e3fd506334d5.html
		Documentacion\dir_9c5e7d6767d96e0707a1e3fd506334d5.js = Documentacion\dir_9c5e7d6767d96e0707a1e3fd506334d5.js
		Documentacion\dir_a5688defe843077cff8fdba42e154790.html = Documentacion\dir_a5688defe843077cff8fdba42e154790.html
		Documentacion\dir_a6040082f7f00ea9d3399fcc38bdd6bb.html = Documentacion\dir_a6040082f7f00ea9d3399fcc38bdd6bb.html
		Documentacion\dir_a6040082f7f00ea9d3399fcc38bdd6bb.js = Documentacion\dir_a6040082f7f00ea9d3399fcc38bdd6bb.js
		Documentacion\dir_abbd20fa66a3f1a4cae2d6ae0939546f.html = Documentacion\dir_abbd20fa66a3f1a4cae2d6ae0939546f.html
		Documentacion\dir_abbd20fa66a3f1a4cae2d6ae0939546f.js = Documentacion\dir_abbd20fa66a3f1a4cae2d6ae0939546f.js
		Documentacion\dir_ad39c74e666cf4f540381a3c3f8672c1.html = Documentacion\dir_ad39c74e666cf4f540381a3c3f8672c1.html
		Documentacion\dir_ad39c74e666cf4f540381a3c3f8672c1.js = Documentacion\dir_ad39c74e666cf4f540381a3c3f8672c1.js
		Documentacion\dir_b2f33c71d4aa5e7af42a1ca61ff5af1b.html = Documentacion\dir_b2f33c71d4aa5e7af42a1ca61ff5af1b.html
		Documentacion\dir_b2f33c71d4aa5e7af42a1ca61ff5af1b.js = Documentacion\dir_b2f33c71d4aa5e7af42a1ca61ff5af1b.js
		Documentacion\dir_b5bad7bd2d94e9e0a486b6baff1a84a4.html = Documentacion\dir_b5bad7bd2d94e9e0a486b6baff1a84a4.html
		Documentacion\dir_b5bad7bd2d94e9e0a486b6baff1a84a4.js = Documentacion\dir_b5bad7bd2d94e9e0a486b6baff1a84a4.js
		Documentacion\dir_be850c138c34466281e69484718dcb6b.html = Documentacion\dir_be850c138c34466281e69484718dcb6b.html
		Documentacion\dir_be850c138c34466281e69484718dcb6b.js = Documentacion\dir_be850c138c34466281e69484718dcb6b.js
		Documentacion\dir_c37386421a692fdcadf12e200066cdc6.html = Documentacion\dir_c37386421a692fdcadf12e200066cdc6.html
		Documentacion\dir_c37386421a692fdcadf12e200066cdc6.js = Documentacion\dir_c37386421a692fdcadf12e200066cdc6.js
		Documentacion\dir_c519c09c6067acea1a8116ff7839e64f.html = Documentacion\dir_c519c09c6067acea1a8116ff7839e64f.html
		Documentacion\dir_c519c09c6067acea1a8116ff7839e64f.js = Documentacion\dir_c519c09c6067acea1a8116ff7839e64f.js
		Documentacion\dir_cb3f6e755204fa1fea5fabd798561076.html = Documentacion\dir_cb3f6e755204fa1fea5fabd798561076.html
		Documentacion\dir_cb3f6e755204fa1fea5fabd798561076.js = Documentacion\dir_cb3f6e755204fa1fea5fabd798561076.js
		Documentacion\dir_cc6a2cc77edf8891a1d7270192d96b02.html = Documentacion\dir_cc6a2cc77edf8891a1d7270192d96b02.html
		Documentacion\dir_cc6a2cc77edf8891a1d7270192d96b02.js = Documentacion\dir_cc6a2cc77edf8891a1d7270192d96b02.js
		Documentacion\dir_cf6a3e1de967a281e34538594878a848.html = Documentacion\dir_cf6a3e1de967a281e34538594878a848.html
		Documentacion\dir_cf6a3e1de967a281e34538594878a848.js = Documentacion\dir_cf6a3e1de967a281e34538594878a848.js
		Documentacion\dir_d92342246f2036670105bb33ed9ad5cb.html = Documentacion\dir_d92342246f2036670105bb33ed9ad5cb.html
		Documentacion\dir_d92342246f2036670105bb33ed9ad5cb.js = Documentacion\dir_d92342246f2036670105bb33ed9ad5cb.js
		Documentacion\dir_da92606663f4ecb03aa66c183f15dac3.html = Documentacion\dir_da92606663f4ecb03aa66c183f15dac3.html
		Documentacion\dir_da92606663f4ecb03aa66c183f15dac3.js = Documentacion\dir_da92606663f4ecb03aa66c183f15dac3.js
		Documentacion\dir_db438d8c6040d9807ea02ec6da235263.html = Documentacion\dir_db438d8c6040d9807ea02ec6da235263.html
		Documentacion\dir_db438d8c6040d9807ea02ec6da235263.js = Documentacion\dir_db438d8c6040d9807ea02ec6da235263.js
		Documentacion\dir_e0e3ef8b9479eccbbd0d8fb312a097a3.html = Documentacion\dir_e0e3ef8b9479eccbbd0d8fb312a097a3.html
		Documentacion\dir_e0e3ef8b9479eccbbd0d8fb312a097a3.js = Documentacion\dir_e0e3ef8b9479eccbbd0d8fb312a097a3.js
		Documentacion\dir_e27f86623b1cf348891d5e5013f74bc5.html = Documentacion\dir_e27f86623b1cf348891d5e5013f74bc5.html
		Documentacion\dir_e27f86623b1cf348891d5e5013f74bc5.js = Documentacion\dir_e27f86623b1cf348891d5e5013f74bc5.js
		Documentacion\dir_f79c69fda698dcbd7fd9c4e48d2630db.html = Documentacion\dir_f79c69fda698dcbd7fd9c4e48d2630db.html
		Documentacion\dir_f79c69fda698dcbd7fd9c4e48d2630db.js = Documentacion\dir_f79c69fda698dcbd7fd9c4e48d2630db.js
		Documentacion\dir_f9940603f55e1ac5e631da7c5ef8be79.html = Documentacion\dir_f9940603f55e1ac5e631da7c5ef8be79.html
		Documentacion\dir_f9940603f55e1ac5e631da7c5ef8be79.js = Documentacion\dir_f9940603f55e1ac5e631da7c5ef8be79.js
		Documentacion\dir_fe0ef4d14d153163aae8bb2c5398529d.html = Documentacion\dir_fe0ef4d14d153163aae8bb2c5398529d.html
		Documentacion\doc.png = Documentacion\doc.png
		Documentacion\docd.png = Documentacion\docd.png
		Documentacion\doxygen.css = Documentacion\doxygen.css
		Documentacion\doxygen.svg = Documentacion\doxygen.svg
		Documentacion\dynsections.js = Documentacion\dynsections.js
		Documentacion\files.html = Documentacion\files.html
		Documentacion\files_dup.js = Documentacion\files_dup.js
		Documentacion\folderclosed.png = Documentacion\folderclosed.png
		Documentacion\folderopen.png = Documentacion\folderopen.png
		Documentacion\functions.html = Documentacion\functions.html
		Documentacion\functions_b.html = Documentacion\functions_b.html
		Documentacion\functions_c.html = Documentacion\functions_c.html
		Documentacion\functions_d.html = Documentacion\functions_d.html
		Documentacion\functions_dup.js = Documentacion\functions_dup.js
		Documentacion\functions_e.html = Documentacion\functions_e.html
		Documentacion\functions_evnt.html = Documentacion\functions_evnt.html
		Documentacion\functions_f.html = Documentacion\functions_f.html
		Documentacion\functions_func.html = Documentacion\functions_func.html
		Documentacion\functions_func_b.html = Documentacion\functions_func_b.html
		Documentacion\functions_func_c.html = Documentacion\functions_func_c.html
		Documentacion\functions_func_d.html = Documentacion\functions_func_d.html
		Documentacion\functions_func_e.html = Documentacion\functions_func_e.html
		Documentacion\functions_func_f.html = Documentacion\functions_func_f.html
		Documentacion\functions_func_g.html = Documentacion\functions_func_g.html
		Documentacion\functions_func_i.html = Documentacion\functions_func_i.html
		Documentacion\functions_func_k.html = Documentacion\functions_func_k.html
		Documentacion\functions_func_l.html = Documentacion\functions_func_l.html
		Documentacion\functions_func_m.html = Documentacion\functions_func_m.html
		Documentacion\functions_func_o.html = Documentacion\functions_func_o.html
		Documentacion\functions_func_p.html = Documentacion\functions_func_p.html
		Documentacion\functions_func_r.html = Documentacion\functions_func_r.html
		Documentacion\functions_func_s.html = Documentacion\functions_func_s.html
		Documentacion\functions_func_t.html = Documentacion\functions_func_t.html
		Documentacion\functions_func_u.html = Documentacion\functions_func_u.html
		Documentacion\functions_func_v.html = Documentacion\functions_func_v.html
		Documentacion\functions_g.html = Documentacion\functions_g.html
		Documentacion\functions_i.html = Documentacion\functions_i.html
		Documentacion\functions_k.html = Documentacion\functions_k.html
		Documentacion\functions_l.html = Documentacion\functions_l.html
		Documentacion\functions_m.html = Documentacion\functions_m.html
		Documentacion\functions_n.html = Documentacion\functions_n.html
		Documentacion\functions_o.html = Documentacion\functions_o.html
		Documentacion\functions_p.html = Documentacion\functions_p.html
		Documentacion\functions_prop.html = Documentacion\functions_prop.html
		Documentacion\functions_r.html = Documentacion\functions_r.html
		Documentacion\functions_s.html = Documentacion\functions_s.html
		Documentacion\functions_t.html = Documentacion\functions_t.html
		Documentacion\functions_u.html = Documentacion\functions_u.html
		Documentacion\functions_v.html = Documentacion\functions_v.html
		Documentacion\functions_vars.html = Documentacion\functions_vars.html
		Documentacion\functions_vars_b.html = Documentacion\functions_vars_b.html
		Documentacion\functions_vars_c.html = Documentacion\functions_vars_c.html
		Documentacion\functions_vars_d.html = Documentacion\functions_vars_d.html
		Documentacion\functions_vars_e.html = Documentacion\functions_vars_e.html
		Documentacion\functions_vars_f.html = Documentacion\functions_vars_f.html
		Documentacion\functions_vars_g.html = Documentacion\functions_vars_g.html
		Documentacion\functions_vars_i.html = Documentacion\functions_vars_i.html
		Documentacion\functions_vars_k.html = Documentacion\functions_vars_k.html
		Documentacion\functions_vars_l.html = Documentacion\functions_vars_l.html
		Documentacion\functions_vars_m.html = Documentacion\functions_vars_m.html
		Documentacion\functions_vars_n.html = Documentacion\functions_vars_n.html
		Documentacion\functions_vars_o.html = Documentacion\functions_vars_o.html
		Documentacion\functions_vars_p.html = Documentacion\functions_vars_p.html
		Documentacion\functions_vars_r.html = Documentacion\functions_vars_r.html
		Documentacion\functions_vars_s.html = Documentacion\functions_vars_s.html
		Documentacion\functions_vars_t.html = Documentacion\functions_vars_t.html
		Documentacion\functions_vars_u.html = Documentacion\functions_vars_u.html
		Documentacion\functions_vars_v.html = Documentacion\functions_vars_v.html
		Documentacion\hierarchy.html = Documentacion\hierarchy.html
		Documentacion\hierarchy.js = Documentacion\hierarchy.js
		Documentacion\index.html = Documentacion\index.html
		Documentacion\itextsharp_8xmlworker_85_85_813_83_2gnu-agpl-v3_80_8md.html = Documentacion\itextsharp_8xmlworker_85_85_813_83_2gnu-agpl-v3_80_8md.html
		Documentacion\itextsharp_8xmlworker_85_85_813_83_2_l_i_c_e_n_s_e_8md.html = Documentacion\itextsharp_8xmlworker_85_85_813_83_2_l_i_c_e_n_s_e_8md.html
		Documentacion\i_text_sharp_85_85_813_83_2gnu-agpl-v3_80_8md.html = Documentacion\i_text_sharp_85_85_813_83_2gnu-agpl-v3_80_8md.html
		Documentacion\i_text_sharp_85_85_813_83_2_l_i_c_e_n_s_e_8md.html = Documentacion\i_text_sharp_85_85_813_83_2_l_i_c_e_n_s_e_8md.html
		Documentacion\jquery.js = Documentacion\jquery.js
		Documentacion\md__c___users_angel_source_repos_angelstchavez__sistema_punto_venta_packages_itextsharp_xmlworker_5_5_13_3_gnu_agpl_v3_0.html = Documentacion\md__c___users_angel_source_repos_angelstchavez__sistema_punto_venta_packages_itextsharp_xmlworker_5_5_13_3_gnu_agpl_v3_0.html
		Documentacion\md__c___users_angel_source_repos_angelstchavez__sistema_punto_venta_packages_itextsharp_xmlworker_5_5_13_3__l_i_c_e_n_s_e.html = Documentacion\md__c___users_angel_source_repos_angelstchavez__sistema_punto_venta_packages_itextsharp_xmlworker_5_5_13_3__l_i_c_e_n_s_e.html
		Documentacion\md__c___users_angel_source_repos_angelstchavez__sistema_punto_venta_packages_i_text_sharp_5_5_13_3_gnu_agpl_v3_0.html = Documentacion\md__c___users_angel_source_repos_angelstchavez__sistema_punto_venta_packages_i_text_sharp_5_5_13_3_gnu_agpl_v3_0.html
		Documentacion\md__c___users_angel_source_repos_angelstchavez__sistema_punto_venta_packages_i_text_sharp_5_5_13_3__l_i_c_e_n_s_e.html = Documentacion\md__c___users_angel_source_repos_angelstchavez__sistema_punto_venta_packages_i_text_sharp_5_5_13_3__l_i_c_e_n_s_e.html
		Documentacion\md__c___users_angel_source_repos_angelstchavez__sistema_punto_venta_packages__bouncy_castle_1_8_9__r_e_a_d_m_e.html = Documentacion\md__c___users_angel_source_repos_angelstchavez__sistema_punto_venta_packages__bouncy_castle_1_8_9__r_e_a_d_m_e.html
		Documentacion\md__c___users_angel_source_repos_angelstchavez__sistema_punto_venta__r_e_a_d_m_e.html = Documentacion\md__c___users_angel_source_repos_angelstchavez__sistema_punto_venta__r_e_a_d_m_e.html
		Documentacion\menu.js = Documentacion\menu.js
		Documentacion\menudata.js = Documentacion\menudata.js
		Documentacion\namespaces.html = Documentacion\namespaces.html
		Documentacion\namespaces_dup.js = Documentacion\namespaces_dup.js
		Documentacion\namespace_datos.html = Documentacion\namespace_datos.html
		Documentacion\namespace_datos.js = Documentacion\namespace_datos.js
		Documentacion\namespace_datos_1_1_datos.html = Documentacion\namespace_datos_1_1_datos.html
		Documentacion\namespace_datos_1_1_datos.js = Documentacion\namespace_datos_1_1_datos.js
		Documentacion\namespace_datos_1_1_datos_1_1_registros.html = Documentacion\namespace_datos_1_1_datos_1_1_registros.html
		Documentacion\namespace_datos_1_1_datos_1_1_registros.js = Documentacion\namespace_datos_1_1_datos_1_1_registros.js
		Documentacion\namespace_datos_1_1_datos_1_1_roles.html = Documentacion\namespace_datos_1_1_datos_1_1_roles.html
		Documentacion\namespace_datos_1_1_datos_1_1_roles.js = Documentacion\namespace_datos_1_1_datos_1_1_roles.js
		Documentacion\namespace_datos_1_1_properties.html = Documentacion\namespace_datos_1_1_properties.html
		Documentacion\namespace_entidad.html = Documentacion\namespace_entidad.html
		Documentacion\namespace_entidad.js = Documentacion\namespace_entidad.js
		Documentacion\namespace_entidad_1_1_registros.html = Documentacion\namespace_entidad_1_1_registros.html
		Documentacion\namespace_entidad_1_1_registros.js = Documentacion\namespace_entidad_1_1_registros.js
		Documentacion\namespace_entidad_1_1_roles.html = Documentacion\namespace_entidad_1_1_roles.html
		Documentacion\namespace_entidad_1_1_roles.js = Documentacion\namespace_entidad_1_1_roles.js
		Documentacion\namespace_logica.html = Documentacion\namespace_logica.html
		Documentacion\namespace_logica.js = Documentacion\namespace_logica.js
		Documentacion\namespace_logica_1_1_logica.html = Documentacion\namespace_logica_1_1_logica.html
		Documentacion\namespace_logica_1_1_logica.js = Documentacion\namespace_logica_1_1_logica.js
		Documentacion\namespace_logica_1_1_logica_1_1_registros.html = Documentacion\namespace_logica_1_1_logica_1_1_registros.html
		Documentacion\namespace_logica_1_1_logica_1_1_registros.js = Documentacion\namespace_logica_1_1_logica_1_1_registros.js
		Documentacion\namespace_logica_1_1_logica_1_1_roles.html = Documentacion\namespace_logica_1_1_logica_1_1_roles.html
		Documentacion\namespace_logica_1_1_logica_1_1_roles.js = Documentacion\namespace_logica_1_1_logica_1_1_roles.js
		Documentacion\namespace_presentacion.html = Documentacion\namespace_presentacion.html
		Documentacion\namespace_presentacion.js = Documentacion\namespace_presentacion.js
		Documentacion\namespace_presentacion_1_1_paneles.html = Documentacion\namespace_presentacion_1_1_paneles.html
		Documentacion\namespace_presentacion_1_1_paneles.js = Documentacion\namespace_presentacion_1_1_paneles.js
		Documentacion\namespace_presentacion_1_1_properties.html = Documentacion\namespace_presentacion_1_1_properties.html
		Documentacion\namespace_presentacion_1_1_recursos.html = Documentacion\namespace_presentacion_1_1_recursos.html
		Documentacion\namespace_presentacion_1_1_recursos.js = Documentacion\namespace_presentacion_1_1_recursos.js
		Documentacion\namespace_presentacion_1_1_ventanas.html = Documentacion\namespace_presentacion_1_1_ventanas.html
		Documentacion\namespace_presentacion_1_1_ventanas.js = Documentacion\namespace_presentacion_1_1_ventanas.js
		Documentacion\namespace_seguridad.html = Documentacion\namespace_seguridad.html
		Documentacion\namespace_seguridad.js = Documentacion\namespace_seguridad.js
		Documentacion\navtree.css = Documentacion\navtree.css
		Documentacion\navtree.js = Documentacion\navtree.js
		Documentacion\navtreedata.js = Documentacion\navtreedata.js
		Documentacion\navtreeindex0.js = Documentacion\navtreeindex0.js
		Documentacion\navtreeindex1.js = Documentacion\navtreeindex1.js
		Documentacion\navtreeindex2.js = Documentacion\navtreeindex2.js
		Documentacion\navtreeindex3.js = Documentacion\navtreeindex3.js
		Documentacion\nav_f.png = Documentacion\nav_f.png
		Documentacion\nav_fd.png = Documentacion\nav_fd.png
		Documentacion\nav_g.png = Documentacion\nav_g.png
		Documentacion\nav_h.png = Documentacion\nav_h.png
		Documentacion\nav_hd.png = Documentacion\nav_hd.png
		Documentacion\oficina.png = Documentacion\oficina.png
		Documentacion\open.png = Documentacion\open.png
		Documentacion\packages_2_bouncy_castle_81_88_89_2_r_e_a_d_m_e_8md.html = Documentacion\packages_2_bouncy_castle_81_88_89_2_r_e_a_d_m_e_8md.html
		Documentacion\pages.html = Documentacion\pages.html
		Documentacion\resize.js = Documentacion\resize.js
		Documentacion\splitbar.png = Documentacion\splitbar.png
		Documentacion\splitbard.png = Documentacion\splitbard.png
		Documentacion\sync_off.png = Documentacion\sync_off.png
		Documentacion\sync_on.png = Documentacion\sync_on.png
		Documentacion\tabs.css = Documentacion\tabs.css
		Documentacion\tab_a.png = Documentacion\tab_a.png
		Documentacion\tab_ad.png = Documentacion\tab_ad.png
		Documentacion\tab_b.png = Documentacion\tab_b.png
		Documentacion\tab_bd.png = Documentacion\tab_bd.png
		Documentacion\tab_h.png = Documentacion\tab_h.png
		Documentacion\tab_hd.png = Documentacion\tab_hd.png
		Documentacion\tab_s.png = Documentacion\tab_s.png
		Documentacion\tab_sd.png = Documentacion\tab_sd.png
		Documentacion\_carga_8cs.html = Documentacion\_carga_8cs.html
		Documentacion\_carga_8cs_source.html = Documentacion\_carga_8cs_source.html
		Documentacion\_carga_8_designer_8cs.html = Documentacion\_carga_8_designer_8cs.html
		Documentacion\_carga_8_designer_8cs_source.html = Documentacion\_carga_8_designer_8cs_source.html
		Documentacion\_categoria_8cs.html = Documentacion\_categoria_8cs.html
		Documentacion\_categoria_8cs_source.html = Documentacion\_categoria_8cs_source.html
		Documentacion\_cliente_8cs.html = Documentacion\_cliente_8cs.html
		Documentacion\_cliente_8cs_source.html = Documentacion\_cliente_8cs_source.html
		Documentacion\_compra_8cs.html = Documentacion\_compra_8cs.html
		Documentacion\_compra_8cs_source.html = Documentacion\_compra_8cs_source.html
		Documentacion\_conexion_8cs.html = Documentacion\_conexion_8cs.html
		Documentacion\_conexion_8cs_source.html = Documentacion\_conexion_8cs_source.html
		Documentacion\_conexion_maestra_8cs.html = Documentacion\_conexion_maestra_8cs.html
		Documentacion\_conexion_maestra_8cs_source.html = Documentacion\_conexion_maestra_8cs_source.html
		Documentacion\_conexion_manual_8cs.html = Documentacion\_conexion_manual_8cs.html
		Documentacion\_conexion_manual_8cs_source.html = Documentacion\_conexion_manual_8cs_source.html
		Documentacion\_conexion_manual_8_designer_8cs.html = Documentacion\_conexion_manual_8_designer_8cs.html
		Documentacion\_conexion_manual_8_designer_8cs_source.html = Documentacion\_conexion_manual_8_designer_8cs_source.html
		Documentacion\_dashboard_8cs.html = Documentacion\_dashboard_8cs.html
		Documentacion\_dashboard_8cs_source.html = Documentacion\_dashboard_8cs_source.html
		Documentacion\_dashboard_8_designer_8cs.html = Documentacion\_dashboard_8_designer_8cs.html
		Documentacion\_dashboard_8_designer_8cs_source.html = Documentacion\_dashboard_8_designer_8cs_source.html
		Documentacion\_datos_2obj_2_debug_2_8_n_e_t_framework_00_version_0av4_88_8_assembly_attributes_8cs.html = Documentacion\_datos_2obj_2_debug_2_8_n_e_t_framework_00_version_0av4_88_8_assembly_attributes_8cs.html
		Documentacion\_datos_2obj_2_debug_2_8_n_e_t_framework_00_version_0av4_88_8_assembly_attributes_8cs_source.html = Documentacion\_datos_2obj_2_debug_2_8_n_e_t_framework_00_version_0av4_88_8_assembly_attributes_8cs_source.html
		Documentacion\_datos_2obj_2_release_2_8_n_e_t_framework_00_version_0av4_88_8_assembly_attributes_8cs.html = Documentacion\_datos_2obj_2_release_2_8_n_e_t_framework_00_version_0av4_88_8_assembly_attributes_8cs.html
		Documentacion\_datos_2obj_2_release_2_8_n_e_t_framework_00_version_0av4_88_8_assembly_attributes_8cs_source.html = Documentacion\_datos_2obj_2_release_2_8_n_e_t_framework_00_version_0av4_88_8_assembly_attributes_8cs_source.html
		Documentacion\_datos_2_properties_2_assembly_info_8cs.html = Documentacion\_datos_2_properties_2_assembly_info_8cs.html
		Documentacion\_datos_2_properties_2_assembly_info_8cs_source.html = Documentacion\_datos_2_properties_2_assembly_info_8cs_source.html
		Documentacion\_datos_2_properties_2_resources_8_designer_8cs.html = Documentacion\_datos_2_properties_2_resources_8_designer_8cs.html
		Documentacion\_datos_2_properties_2_resources_8_designer_8cs_source.html = Documentacion\_datos_2_properties_2_resources_8_designer_8cs_source.html
		Documentacion\_datos_categoria_8cs.html = Documentacion\_datos_categoria_8cs.html
		Documentacion\_datos_categoria_8cs_source.html = Documentacion\_datos_categoria_8cs_source.html
		Documentacion\_datos_cliente_8cs.html = Documentacion\_datos_cliente_8cs.html
		Documentacion\_datos_cliente_8cs_source.html = Documentacion\_datos_cliente_8cs_source.html
		Documentacion\_datos_compra_8cs.html = Documentacion\_datos_compra_8cs.html
		Documentacion\_datos_compra_8cs_source.html = Documentacion\_datos_compra_8cs_source.html
		Documentacion\_datos_permisos_8cs.html = Documentacion\_datos_permisos_8cs.html
		Documentacion\_datos_permisos_8cs_source.html = Documentacion\_datos_permisos_8cs_source.html
		Documentacion\_datos_producto_8cs.html = Documentacion\_datos_producto_8cs.html
		Documentacion\_datos_producto_8cs_source.html = Documentacion\_datos_producto_8cs_source.html
		Documentacion\_datos_proveedor_8cs.html = Documentacion\_datos_proveedor_8cs.html
		Documentacion\_datos_proveedor_8cs_source.html = Documentacion\_datos_proveedor_8cs_source.html
		Documentacion\_datos_rol_8cs.html = Documentacion\_datos_rol_8cs.html
		Documentacion\_datos_rol_8cs_source.html = Documentacion\_datos_rol_8cs_source.html
		Documentacion\_datos_usuario_8cs.html = Documentacion\_datos_usuario_8cs.html
		Documentacion\_datos_usuario_8cs_source.html = Documentacion\_datos_usuario_8cs_source.html
		Documentacion\_datos_venta_8cs.html = Documentacion\_datos_venta_8cs.html
		Documentacion\_datos_venta_8cs_source.html = Documentacion\_datos_venta_8cs_source.html
		Documentacion\_desencryptacion_8cs.html = Documentacion\_desencryptacion_8cs.html
		Documentacion\_desencryptacion_8cs_source.html = Documentacion\_desencryptacion_8cs_source.html
		Documentacion\_detalle_compra_8cs.html = Documentacion\_detalle_compra_8cs.html
		Documentacion\_detalle_compra_8cs_source.html = Documentacion\_detalle_compra_8cs_source.html
		Documentacion\_detalle_venta_8cs.html = Documentacion\_detalle_venta_8cs.html
		Documentacion\_detalle_venta_8cs_source.html = Documentacion\_detalle_venta_8cs_source.html
		Documentacion\_encryptacion_8cs.html = Documentacion\_encryptacion_8cs.html
		Documentacion\_encryptacion_8cs_source.html = Documentacion\_encryptacion_8cs_source.html
		Documentacion\_entidad_2obj_2_debug_2_8_n_e_t_framework_00_version_0av4_88_8_assembly_attributes_8cs.html = Documentacion\_entidad_2obj_2_debug_2_8_n_e_t_framework_00_version_0av4_88_8_assembly_attributes_8cs.html
		Documentacion\_entidad_2obj_2_debug_2_8_n_e_t_framework_00_version_0av4_88_8_assembly_attributes_8cs_source.html = Documentacion\_entidad_2obj_2_debug_2_8_n_e_t_framework_00_version_0av4_88_8_assembly_attributes_8cs_source.html
		Documentacion\_entidad_2obj_2_release_2_8_n_e_t_framework_00_version_0av4_88_8_assembly_attributes_8cs.html = Documentacion\_entidad_2obj_2_release_2_8_n_e_t_framework_00_version_0av4_88_8_assembly_attributes_8cs.html
		Documentacion\_entidad_2obj_2_release_2_8_n_e_t_framework_00_version_0av4_88_8_assembly_attributes_8cs_source.html = Documentacion\_entidad_2obj_2_release_2_8_n_e_t_framework_00_version_0av4_88_8_assembly_attributes_8cs_source.html
		Documentacion\_entidad_2_properties_2_assembly_info_8cs.html = Documentacion\_entidad_2_properties_2_assembly_info_8cs.html
		Documentacion\_entidad_2_properties_2_assembly_info_8cs_source.html = Documentacion\_entidad_2_properties_2_assembly_info_8cs_source.html
		Documentacion\_inicio_8cs.html = Documentacion\_inicio_8cs.html
		Documentacion\_inicio_8cs_source.html = Documentacion\_inicio_8cs_source.html
		Documentacion\_inicio_8_designer_8cs.html = Documentacion\_inicio_8_designer_8cs.html
		Documentacion\_inicio_8_designer_8cs_source.html = Documentacion\_inicio_8_designer_8cs_source.html
		Documentacion\_logica_2obj_2_debug_2_8_n_e_t_framework_00_version_0av4_88_8_assembly_attributes_8cs.html = Documentacion\_logica_2obj_2_debug_2_8_n_e_t_framework_00_version_0av4_88_8_assembly_attributes_8cs.html
		Documentacion\_logica_2obj_2_debug_2_8_n_e_t_framework_00_version_0av4_88_8_assembly_attributes_8cs_source.html = Documentacion\_logica_2obj_2_debug_2_8_n_e_t_framework_00_version_0av4_88_8_assembly_attributes_8cs_source.html
		Documentacion\_logica_2obj_2_release_2_8_n_e_t_framework_00_version_0av4_88_8_assembly_attributes_8cs.html = Documentacion\_logica_2obj_2_release_2_8_n_e_t_framework_00_version_0av4_88_8_assembly_attributes_8cs.html
		Documentacion\_logica_2obj_2_release_2_8_n_e_t_framework_00_version_0av4_88_8_assembly_attributes_8cs_source.html = Documentacion\_logica_2obj_2_release_2_8_n_e_t_framework_00_version_0av4_88_8_assembly_attributes_8cs_source.html
		Documentacion\_logica_2_properties_2_assembly_info_8cs.html = Documentacion\_logica_2_properties_2_assembly_info_8cs.html
		Documentacion\_logica_2_properties_2_assembly_info_8cs_source.html = Documentacion\_logica_2_properties_2_assembly_info_8cs_source.html
		Documentacion\_logica_categoria_8cs.html = Documentacion\_logica_categoria_8cs.html
		Documentacion\_logica_categoria_8cs_source.html = Documentacion\_logica_categoria_8cs_source.html
		Documentacion\_logica_cliente_8cs.html = Documentacion\_logica_cliente_8cs.html
		Documentacion\_logica_cliente_8cs_source.html = Documentacion\_logica_cliente_8cs_source.html
		Documentacion\_logica_compra_8cs.html = Documentacion\_logica_compra_8cs.html
		Documentacion\_logica_compra_8cs_source.html = Documentacion\_logica_compra_8cs_source.html
		Documentacion\_logica_permiso_8cs.html = Documentacion\_logica_permiso_8cs.html
		Documentacion\_logica_permiso_8cs_source.html = Documentacion\_logica_permiso_8cs_source.html
		Documentacion\_logica_producto_8cs.html = Documentacion\_logica_producto_8cs.html
		Documentacion\_logica_producto_8cs_source.html = Documentacion\_logica_producto_8cs_source.html
		Documentacion\_logica_proveedor_8cs.html = Documentacion\_logica_proveedor_8cs.html
		Documentacion\_logica_proveedor_8cs_source.html = Documentacion\_logica_proveedor_8cs_source.html
		Documentacion\_logica_rol_8cs.html = Documentacion\_logica_rol_8cs.html
		Documentacion\_logica_rol_8cs_source.html = Documentacion\_logica_rol_8cs_source.html
		Documentacion\_logica_usuario_8cs.html = Documentacion\_logica_usuario_8cs.html
		Documentacion\_logica_usuario_8cs_source.html = Documentacion\_logica_usuario_8cs_source.html
		Documentacion\_logica_venta_8cs.html = Documentacion\_logica_venta_8cs.html
		Documentacion\_logica_venta_8cs_source.html = Documentacion\_logica_venta_8cs_source.html
		Documentacion\_login_8cs.html = Documentacion\_login_8cs.html
		Documentacion\_login_8cs_source.html = Documentacion\_login_8cs_source.html
		Documentacion\_login_8_designer_8cs.html = Documentacion\_login_8_designer_8cs.html
		Documentacion\_login_8_designer_8cs_source.html = Documentacion\_login_8_designer_8cs_source.html
		Documentacion\_opcion_combo_8cs.html = Documentacion\_opcion_combo_8cs.html
		Documentacion\_opcion_combo_8cs_source.html = Documentacion\_opcion_combo_8cs_source.html
		Documentacion\_panel_acerca_de_8cs.html = Documentacion\_panel_acerca_de_8cs.html
		Documentacion\_panel_acerca_de_8cs_source.html = Documentacion\_panel_acerca_de_8cs_source.html
		Documentacion\_panel_acerca_de_8_designer_8cs.html = Documentacion\_panel_acerca_de_8_designer_8cs.html
		Documentacion\_panel_acerca_de_8_designer_8cs_source.html = Documentacion\_panel_acerca_de_8_designer_8cs_source.html
		Documentacion\_panel_categoria_8cs.html = Documentacion\_panel_categoria_8cs.html
		Documentacion\_panel_categoria_8cs_source.html = Documentacion\_panel_categoria_8cs_source.html
		Documentacion\_panel_categoria_8_designer_8cs.html = Documentacion\_panel_categoria_8_designer_8cs.html
		Documentacion\_panel_categoria_8_designer_8cs_source.html = Documentacion\_panel_categoria_8_designer_8cs_source.html
		Documentacion\_panel_cliente_8cs.html = Documentacion\_panel_cliente_8cs.html
		Documentacion\_panel_cliente_8cs_source.html = Documentacion\_panel_cliente_8cs_source.html
		Documentacion\_panel_cliente_8_designer_8cs.html = Documentacion\_panel_cliente_8_designer_8cs.html
		Documentacion\_panel_cliente_8_designer_8cs_source.html = Documentacion\_panel_cliente_8_designer_8cs_source.html
		Documentacion\_panel_compra_8cs.html = Documentacion\_panel_compra_8cs.html
		Documentacion\_panel_compra_8cs_source.html = Documentacion\_panel_compra_8cs_source.html
		Documentacion\_panel_compra_8_designer_8cs.html = Documentacion\_panel_compra_8_designer_8cs.html
		Documentacion\_panel_compra_8_designer_8cs_source.html = Documentacion\_panel_compra_8_designer_8cs_source.html
		Documentacion\_panel_configuracion_8cs.html = Documentacion\_panel_configuracion_8cs.html
		Documentacion\_panel_configuracion_8cs_source.html = Documentacion\_panel_configuracion_8cs_source.html
		Documentacion\_panel_configuracion_8_designer_8cs.html = Documentacion\_panel_configuracion_8_designer_8cs.html
		Documentacion\_panel_configuracion_8_designer_8cs_source.html = Documentacion\_panel_configuracion_8_designer_8cs_source.html
		Documentacion\_panel_mantenimiento_8cs.html = Documentacion\_panel_mantenimiento_8cs.html
		Documentacion\_panel_mantenimiento_8cs_source.html = Documentacion\_panel_mantenimiento_8cs_source.html
		Documentacion\_panel_mantenimiento_8_designer_8cs.html = Documentacion\_panel_mantenimiento_8_designer_8cs.html
		Documentacion\_panel_mantenimiento_8_designer_8cs_source.html = Documentacion\_panel_mantenimiento_8_designer_8cs_source.html
		Documentacion\_panel_producto_8cs.html = Documentacion\_panel_producto_8cs.html
		Documentacion\_panel_producto_8cs_source.html = Documentacion\_panel_producto_8cs_source.html
		Documentacion\_panel_producto_8_designer_8cs.html = Documentacion\_panel_producto_8_designer_8cs.html
		Documentacion\_panel_producto_8_designer_8cs_source.html = Documentacion\_panel_producto_8_designer_8cs_source.html
		Documentacion\_panel_proveedor_8cs.html = Documentacion\_panel_proveedor_8cs.html
		Documentacion\_panel_proveedor_8cs_source.html = Documentacion\_panel_proveedor_8cs_source.html
		Documentacion\_panel_proveedor_8_designer_8cs.html = Documentacion\_panel_proveedor_8_designer_8cs.html
		Documentacion\_panel_proveedor_8_designer_8cs_source.html = Documentacion\_panel_proveedor_8_designer_8cs_source.html
		Documentacion\_panel_registros_8cs.html = Documentacion\_panel_registros_8cs.html
		Documentacion\_panel_registros_8cs_source.html = Documentacion\_panel_registros_8cs_source.html
		Documentacion\_panel_registros_8_designer_8cs.html = Documentacion\_panel_registros_8_designer_8cs.html
		Documentacion\_panel_registros_8_designer_8cs_source.html = Documentacion\_panel_registros_8_designer_8cs_source.html
		Documentacion\_panel_reporte_8cs.html = Documentacion\_panel_reporte_8cs.html
		Documentacion\_panel_reporte_8cs_source.html = Documentacion\_panel_reporte_8cs_source.html
		Documentacion\_panel_reporte_8_designer_8cs.html = Documentacion\_panel_reporte_8_designer_8cs.html
		Documentacion\_panel_reporte_8_designer_8cs_source.html = Documentacion\_panel_reporte_8_designer_8cs_source.html
		Documentacion\_panel_usuario_8cs.html = Documentacion\_panel_usuario_8cs.html
		Documentacion\_panel_usuario_8cs_source.html = Documentacion\_panel_usuario_8cs_source.html
		Documentacion\_panel_usuario_8_designer_8cs.html = Documentacion\_panel_usuario_8_designer_8cs.html
		Documentacion\_panel_usuario_8_designer_8cs_source.html = Documentacion\_panel_usuario_8_designer_8cs_source.html
		Documentacion\_panel_venta_8cs.html = Documentacion\_panel_venta_8cs.html
		Documentacion\_panel_venta_8cs_source.html = Documentacion\_panel_venta_8cs_source.html
		Documentacion\_panel_venta_8_designer_8cs.html = Documentacion\_panel_venta_8_designer_8cs.html
		Documentacion\_panel_venta_8_designer_8cs_source.html = Documentacion\_panel_venta_8_designer_8cs_source.html
		Documentacion\_permiso_8cs.html = Documentacion\_permiso_8cs.html
		Documentacion\_permiso_8cs_source.html = Documentacion\_permiso_8cs_source.html
		Documentacion\_presentacion_2obj_2_debug_2_8_n_e_t_framework_00_version_0av4_88_8_assembly_attributes_8cs.html = Documentacion\_presentacion_2obj_2_debug_2_8_n_e_t_framework_00_version_0av4_88_8_assembly_attributes_8cs.html
		Documentacion\_presentacion_2obj_2_debug_2_8_n_e_t_framework_00_version_0av4_88_8_assembly_attributes_8cs_source.html = Documentacion\_presentacion_2obj_2_debug_2_8_n_e_t_framework_00_version_0av4_88_8_assembly_attributes_8cs_source.html
		Documentacion\_presentacion_2obj_2_release_2_8_n_e_t_framework_00_version_0av4_88_8_assembly_attributes_8cs.html = Documentacion\_presentacion_2obj_2_release_2_8_n_e_t_framework_00_version_0av4_88_8_assembly_attributes_8cs.html
		Documentacion\_presentacion_2obj_2_release_2_8_n_e_t_framework_00_version_0av4_88_8_assembly_attributes_8cs_source.html = Documentacion\_presentacion_2obj_2_release_2_8_n_e_t_framework_00_version_0av4_88_8_assembly_attributes_8cs_source.html
		Documentacion\_presentacion_2_properties_2_assembly_info_8cs.html = Documentacion\_presentacion_2_properties_2_assembly_info_8cs.html
		Documentacion\_presentacion_2_properties_2_assembly_info_8cs_source.html = Documentacion\_presentacion_2_properties_2_assembly_info_8cs_source.html
		Documentacion\_presentacion_2_properties_2_resources_8_designer_8cs.html = Documentacion\_presentacion_2_properties_2_resources_8_designer_8cs.html
		Documentacion\_presentacion_2_properties_2_resources_8_designer_8cs_source.html = Documentacion\_presentacion_2_properties_2_resources_8_designer_8cs_source.html
		Documentacion\_producto_8cs.html = Documentacion\_producto_8cs.html
		Documentacion\_producto_8cs_source.html = Documentacion\_producto_8cs_source.html
		Documentacion\_program_8cs.html = Documentacion\_program_8cs.html
		Documentacion\_program_8cs_source.html = Documentacion\_program_8cs_source.html
		Documentacion\_proveedor_8cs.html = Documentacion\_proveedor_8cs.html
		Documentacion\_proveedor_8cs_source.html = Documentacion\_proveedor_8cs_source.html
		Documentacion\_rol_8cs.html = Documentacion\_rol_8cs.html
		Documentacion\_rol_8cs_source.html = Documentacion\_rol_8cs_source.html
		Documentacion\_r_e_a_d_m_e_8md.html = Documentacion\_r_e_a_d_m_e_8md.html
		Documentacion\_r_j_combo_box_8cs.html = Documentacion\_r_j_combo_box_8cs.html
		Documentacion\_r_j_combo_box_8cs_source.html = Documentacion\_r_j_combo_box_8cs_source.html
		Documentacion\_seguridad_2obj_2_debug_2_8_n_e_t_framework_00_version_0av4_88_8_assembly_attributes_8cs.html = Documentacion\_seguridad_2obj_2_debug_2_8_n_e_t_framework_00_version_0av4_88_8_assembly_attributes_8cs.html
		Documentacion\_seguridad_2obj_2_debug_2_8_n_e_t_framework_00_version_0av4_88_8_assembly_attributes_8cs_source.html = Documentacion\_seguridad_2obj_2_debug_2_8_n_e_t_framework_00_version_0av4_88_8_assembly_attributes_8cs_source.html
		Documentacion\_seguridad_2obj_2_release_2_8_n_e_t_framework_00_version_0av4_88_8_assembly_attributes_8cs.html = Documentacion\_seguridad_2obj_2_release_2_8_n_e_t_framework_00_version_0av4_88_8_assembly_attributes_8cs.html
		Documentacion\_seguridad_2obj_2_release_2_8_n_e_t_framework_00_version_0av4_88_8_assembly_attributes_8cs_source.html = Documentacion\_seguridad_2obj_2_release_2_8_n_e_t_framework_00_version_0av4_88_8_assembly_attributes_8cs_source.html
		Documentacion\_seguridad_2_properties_2_assembly_info_8cs.html = Documentacion\_seguridad_2_properties_2_assembly_info_8cs.html
		Documentacion\_seguridad_2_properties_2_assembly_info_8cs_source.html = Documentacion\_seguridad_2_properties_2_assembly_info_8cs_source.html
		Documentacion\_settings_8_designer_8cs.html = Documentacion\_settings_8_designer_8cs.html
		Documentacion\_settings_8_designer_8cs_source.html = Documentacion\_settings_8_designer_8cs_source.html
		Documentacion\_usuario_8cs.html = Documentacion\_usuario_8cs.html
		Documentacion\_usuario_8cs_source.html = Documentacion\_usuario_8cs_source.html
		Documentacion\_venta_8cs.html = Documentacion\_venta_8cs.html
		Documentacion\_venta_8cs_source.html = Documentacion\_venta_8cs_source.html
		Documentacion\_vent_cliente_8cs.html = Documentacion\_vent_cliente_8cs.html
		Documentacion\_vent_cliente_8cs_source.html = Documentacion\_vent_cliente_8cs_source.html
		Documentacion\_vent_cliente_8_designer_8cs.html = Documentacion\_vent_cliente_8_designer_8cs.html
		Documentacion\_vent_cliente_8_designer_8cs_source.html = Documentacion\_vent_cliente_8_designer_8cs_source.html
		Documentacion\_vent_compras_8cs.html = Documentacion\_vent_compras_8cs.html
		Documentacion\_vent_compras_8cs_source.html = Documentacion\_vent_compras_8cs_source.html
		Documentacion\_vent_compras_8_designer_8cs.html = Documentacion\_vent_compras_8_designer_8cs.html
		Documentacion\_vent_compras_8_designer_8cs_source.html = Documentacion\_vent_compras_8_designer_8cs_source.html
		Documentacion\_vent_producto_8cs.html = Documentacion\_vent_producto_8cs.html
		Documentacion\_vent_producto_8cs_source.html = Documentacion\_vent_producto_8cs_source.html
		Documentacion\_vent_producto_8_designer_8cs.html = Documentacion\_vent_producto_8_designer_8cs.html
		Documentacion\_vent_producto_8_designer_8cs_source.html = Documentacion\_vent_producto_8_designer_8cs_source.html
		Documentacion\_vent_proveedor_8cs.html = Documentacion\_vent_proveedor_8cs.html
		Documentacion\_vent_proveedor_8cs_source.html = Documentacion\_vent_proveedor_8cs_source.html
		Documentacion\_vent_proveedor_8_designer_8cs.html = Documentacion\_vent_proveedor_8_designer_8cs.html
		Documentacion\_vent_proveedor_8_designer_8cs_source.html = Documentacion\_vent_proveedor_8_designer_8cs_source.html
		Documentacion\_vent_registros_8cs.html = Documentacion\_vent_registros_8cs.html
		Documentacion\_vent_registros_8cs_source.html = Documentacion\_vent_registros_8cs_source.html
		Documentacion\_vent_registros_8_designer_8cs.html = Documentacion\_vent_registros_8_designer_8cs.html
		Documentacion\_vent_registros_8_designer_8cs_source.html = Documentacion\_vent_registros_8_designer_8cs_source.html
		Documentacion\_vent_ventas_8cs.html = Documentacion\_vent_ventas_8cs.html
		Documentacion\_vent_ventas_8cs_source.html = Documentacion\_vent_ventas_8cs_source.html
		Documentacion\_vent_ventas_8_designer_8cs.html = Documentacion\_vent_ventas_8_designer_8cs.html
		Documentacion\_vent_ventas_8_designer_8cs_source.html = Documentacion\_vent_ventas_8_designer_8cs_source.html
	EndProjectSection
EndProject
Global
	GlobalSection(SolutionConfigurationPlatforms) = preSolution
		Debug|Any CPU = Debug|Any CPU
		Release|Any CPU = Release|Any CPU
	EndGlobalSection
	GlobalSection(ProjectConfigurationPlatforms) = postSolution
		{FF339FE5-7863-448D-BA0E-BB2EF2596C7A}.Debug|Any CPU.ActiveCfg = Debug|Any CPU
		{FF339FE5-7863-448D-BA0E-BB2EF2596C7A}.Debug|Any CPU.Build.0 = Debug|Any CPU
		{FF339FE5-7863-448D-BA0E-BB2EF2596C7A}.Release|Any CPU.ActiveCfg = Release|Any CPU
		{FF339FE5-7863-448D-BA0E-BB2EF2596C7A}.Release|Any CPU.Build.0 = Release|Any CPU
		{AE9E76DA-9FC4-491B-A9D2-AE4081142CD5}.Debug|Any CPU.ActiveCfg = Debug|Any CPU
		{AE9E76DA-9FC4-491B-A9D2-AE4081142CD5}.Debug|Any CPU.Build.0 = Debug|Any CPU
		{AE9E76DA-9FC4-491B-A9D2-AE4081142CD5}.Release|Any CPU.ActiveCfg = Release|Any CPU
		{AE9E76DA-9FC4-491B-A9D2-AE4081142CD5}.Release|Any CPU.Build.0 = Release|Any CPU
		{AE3BEB26-9E81-4BAF-851B-699194BDEB3B}.Debug|Any CPU.ActiveCfg = Debug|Any CPU
		{AE3BEB26-9E81-4BAF-851B-699194BDEB3B}.Debug|Any CPU.Build.0 = Debug|Any CPU
		{AE3BEB26-9E81-4BAF-851B-699194BDEB3B}.Release|Any CPU.ActiveCfg = Release|Any CPU
		{AE3BEB26-9E81-4BAF-851B-699194BDEB3B}.Release|Any CPU.Build.0 = Release|Any CPU
		{C4416C23-5D2D-44E0-90CB-6A6E9AC301F1}.Debug|Any CPU.ActiveCfg = Debug|Any CPU
		{C4416C23-5D2D-44E0-90CB-6A6E9AC301F1}.Debug|Any CPU.Build.0 = Debug|Any CPU
		{C4416C23-5D2D-44E0-90CB-6A6E9AC301F1}.Release|Any CPU.ActiveCfg = Release|Any CPU
		{C4416C23-5D2D-44E0-90CB-6A6E9AC301F1}.Release|Any CPU.Build.0 = Release|Any CPU
		{5A8C9194-C764-4B1D-9ABD-50294B099B89}.Debug|Any CPU.ActiveCfg = Debug|Any CPU
		{5A8C9194-C764-4B1D-9ABD-50294B099B89}.Debug|Any CPU.Build.0 = Debug|Any CPU
		{5A8C9194-C764-4B1D-9ABD-50294B099B89}.Release|Any CPU.ActiveCfg = Release|Any CPU
		{5A8C9194-C764-4B1D-9ABD-50294B099B89}.Release|Any CPU.Build.0 = Release|Any CPU
	EndGlobalSection
	GlobalSection(SolutionProperties) = preSolution
		HideSolutionNode = FALSE
	EndGlobalSection
	GlobalSection(ExtensibilityGlobals) = postSolution
		SolutionGuid = {C37DFCDD-D54D-49B7-A3F8-6CE6E3A1F4E2}
	EndGlobalSection
EndGlobal
