
Microsoft Visual Studio Solution File, Format Version 12.00
# Visual Studio Version 17
VisualStudioVersion = 17.3.32929.385
MinimumVisualStudioVersion = 10.0.40219.1
Project("{FAE04EC0-301F-11D3-BF4B-00C04F79EFBC}") = "Presentacion", "Presentacion\Presentacion.csproj", "{FF339FE5-7863-448D-BA0E-BB2EF2596C7A}"
EndProject
Project("{FAE04EC0-301F-11D3-BF4B-00C04F79EFBC}") = "Datos", "Datos\Datos.csproj", "{AE9E76DA-9FC4-491B-A9D2-AE4081142CD5}"
EndProject
Project("{FAE04EC0-301F-11D3-BF4B-00C04F79EFBC}") = "Entidad", "Entidad\Entidad.csproj", "{AE3BEB26-9E81-4BAF-851B-699194BDEB3B}"
EndProject
Project("{FAE04EC0-301F-11D3-BF4B-00C04F79EFBC}") = "Logica", "Logica\Logica.csproj", "{C4416C23-5D2D-44E0-90CB-6A6E9AC301F1}"
EndProject
Global
	GlobalSection(SolutionConfigurationPlatforms) = preSolution
		Debug|Any CPU = Debug|Any CPU
		Release|Any CPU = Release|Any CPU
	EndGlobalSection
	GlobalSection(ProjectConfigurationPlatforms) = postSolution
		{FF339FE5-7863-448D-BA0E-BB2EF2596C7A}.Debug|Any CPU.ActiveCfg = Debug|Any CPU
		{FF339FE5-7863-448D-BA0E-BB2EF2596C7A}.Debug|Any CPU.Build.0 = Debug|Any CPU
		{FF339FE5-7863-448D-BA0E-BB2EF2596C7A}.Release|Any CPU.ActiveCfg = Release|Any CPU
		{FF339FE5-7863-448D-BA0E-BB2EF2596C7A}.Release|Any CPU.Build.0 = Release|Any CPU
		{AE9E76DA-9FC4-491B-A9D2-AE4081142CD5}.Debug|Any CPU.ActiveCfg = Debug|Any CPU
		{AE9E76DA-9FC4-491B-A9D2-AE4081142CD5}.Debug|Any CPU.Build.0 = Debug|Any CPU
		{AE9E76DA-9FC4-491B-A9D2-AE4081142CD5}.Release|Any CPU.ActiveCfg = Release|Any CPU
		{AE9E76DA-9FC4-491B-A9D2-AE4081142CD5}.Release|Any CPU.Build.0 = Release|Any CPU
		{AE3BEB26-9E81-4BAF-851B-699194BDEB3B}.Debug|Any CPU.ActiveCfg = Debug|Any CPU
		{AE3BEB26-9E81-4BAF-851B-699194BDEB3B}.Debug|Any CPU.Build.0 = Debug|Any CPU
		{AE3BEB26-9E81-4BAF-851B-699194BDEB3B}.Release|Any CPU.ActiveCfg = Release|Any CPU
		{AE3BEB26-9E81-4BAF-851B-699194BDEB3B}.Release|Any CPU.Build.0 = Release|Any CPU
		{C4416C23-5D2D-44E0-90CB-6A6E9AC301F1}.Debug|Any CPU.ActiveCfg = Debug|Any CPU
		{C4416C23-5D2D-44E0-90CB-6A6E9AC301F1}.Debug|Any CPU.Build.0 = Debug|Any CPU
		{C4416C23-5D2D-44E0-90CB-6A6E9AC301F1}.Release|Any CPU.ActiveCfg = Release|Any CPU
		{C4416C23-5D2D-44E0-90CB-6A6E9AC301F1}.Release|Any CPU.Build.0 = Release|Any CPU
	EndGlobalSection
	GlobalSection(SolutionProperties) = preSolution
		HideSolutionNode = FALSE
	EndGlobalSection
	GlobalSection(ExtensibilityGlobals) = postSolution
		SolutionGuid = {C37DFCDD-D54D-49B7-A3F8-6CE6E3A1F4E2}
	EndGlobalSection
EndGlobal
